{
  "nodes": {
    "agenix": {
      "inputs": {
        "darwin": "darwin",
        "home-manager": [
          "nixpkgs"
        ],
        "nixpkgs": [
          "nixpkgs"
        ],
        "systems": "systems"
      },
      "locked": {
        "lastModified": 1747575206,
        "narHash": "sha256-NwmAFuDUO/PFcgaGGr4j3ozG9Pe5hZ/ogitWhY+D81k=",
        "owner": "ryantm",
        "repo": "agenix",
        "rev": "4835b1dc898959d8547a871ef484930675cb47f1",
        "type": "github"
      },
      "original": {
        "owner": "ryantm",
        "repo": "agenix",
        "type": "github"
      }
    },
    "darwin": {
      "inputs": {
        "nixpkgs": [
          "agenix",
          "nixpkgs"
        ]
      },
      "locked": {
        "lastModified": 1744478979,
        "narHash": "sha256-dyN+teG9G82G+m+PX/aSAagkC+vUv0SgUw3XkPhQodQ=",
        "owner": "lnl7",
        "repo": "nix-darwin",
        "rev": "43975d782b418ebf4969e9ccba82466728c2851b",
        "type": "github"
      },
      "original": {
        "owner": "lnl7",
        "ref": "master",
        "repo": "nix-darwin",
        "type": "github"
      }
    },
    "fenix": {
      "inputs": {
        "nixpkgs": "nixpkgs",
        "rust-analyzer-src": "rust-analyzer-src"
      },
      "locked": {
        "lastModified": 1747392669,
        "narHash": "sha256-zky3+lndxKRu98PAwVK8kXPdg+Q1NVAhaI7YGrboKYA=",
        "owner": "nix-community",
        "repo": "fenix",
        "rev": "c3c27e603b0d9b5aac8a16236586696338856fbb",
        "type": "github"
      },
      "original": {
        "owner": "nix-community",
        "repo": "fenix",
        "type": "github"
      }
    },
    "home-manager": {
      "inputs": {
        "nixpkgs": [
          "nixpkgs"
        ]
      },
      "locked": {
        "lastModified": 1747688838,
        "narHash": "sha256-FZq4/3OtGV/cti9Vccsy2tGSUrxTO4hkDF9oeGRTen4=",
        "owner": "nix-community",
        "repo": "home-manager",
        "rev": "45c2985644b60ab64de2a2d93a4d132ecb87cf66",
        "type": "github"
      },
      "original": {
        "owner": "nix-community",
        "repo": "home-manager",
        "type": "github"
      }
    },
    "nixpkgs": {
      "locked": {
        "lastModified": 1747179050,
        "narHash": "sha256-qhFMmDkeJX9KJwr5H32f1r7Prs7XbQWtO0h3V0a0rFY=",
        "owner": "nixos",
        "repo": "nixpkgs",
        "rev": "adaa24fbf46737f3f1b5497bf64bae750f82942e",
        "type": "github"
      },
      "original": {
        "owner": "nixos",
        "ref": "nixos-unstable",
        "repo": "nixpkgs",
        "type": "github"
      }
    },
    "nixpkgs_2": {
      "locked": {
        "lastModified": 1747542820,
        "narHash": "sha256-GaOZntlJ6gPPbbkTLjbd8BMWaDYafhuuYRNrxCGnPJw=",
        "owner": "NixOS",
        "repo": "nixpkgs",
        "rev": "292fa7d4f6519c074f0a50394dbbe69859bb6043",
        "type": "github"
      },
      "original": {
        "owner": "NixOS",
        "ref": "nixos-unstable",
        "repo": "nixpkgs",
        "type": "github"
      }
    },
    "root": {
      "inputs": {
        "agenix": "agenix",
        "fenix": "fenix",
        "home-manager": "home-manager",
        "nixpkgs": "nixpkgs_2",
        "themes": "themes"
      }
    },
    "rust-analyzer-src": {
      "flake": false,
      "locked": {
        "lastModified": 1747323949,
        "narHash": "sha256-G4NwzhODScKnXqt2mEQtDFOnI0wU3L1WxsiHX3cID/0=",
        "owner": "rust-lang",
        "repo": "rust-analyzer",
        "rev": "f8e784353bde7cbf9a9046285c1caf41ac484ebe",
        "type": "github"
      },
      "original": {
        "owner": "rust-lang",
        "ref": "nightly",
        "repo": "rust-analyzer",
        "type": "github"
      }
    },
    "systems": {
      "locked": {
        "lastModified": 1681028828,
        "narHash": "sha256-Vy1rq5AaRuLzOxct8nz4T6wlgyUR7zLU309k9mBC768=",
        "owner": "nix-systems",
        "repo": "default",
        "rev": "da67096a3b9bf56a91d16901293e51ba5b49a27e",
        "type": "github"
      },
      "original": {
        "owner": "nix-systems",
        "repo": "default",
        "type": "github"
      }
    },
    "themes": {
      "locked": {
        "lastModified": 1715166503,
        "narHash": "sha256-eG3+PTzJntnMrO9J2fCtshU+XX18uI8iIjDKU9NkJXA=",
        "owner": "RGBCube",
        "repo": "ThemeNix",
        "rev": "c188d0d729841f71f576dfb544e70c0340bf52a8",
        "type": "github"
      },
      "original": {
        "owner": "RGBCube",
        "repo": "ThemeNix",
        "type": "github"
      }
    }
  },
  "root": "root",
  "version": 7
}
